PODS:
  - Crashlytics (3.9.3):
    - Fabric (~> 1.7.2)
  - Fabric (1.7.2)
  - Google-Mobile-Ads-SDK (7.27.0)
  - GVRSDK (0.8.5)

DEPENDENCIES:
  - Crashlytics
  - Fabric
  - Google-Mobile-Ads-SDK
  - GVRSDK (~> 0.8.0)

SPEC CHECKSUMS:
  Crashlytics: dbb07d01876c171c5ccbdf7826410380189e452c
  Fabric: 9cd6a848efcf1b8b07497e0b6a2e7d336353ba15
  Google-Mobile-Ads-SDK: 83f7f890e638ce8f1debd440ea363338c9f6be3b
  GVRSDK: 69e9f15d4c0aff2f127467b03c570c1fc51fe74d

PODFILE CHECKSUM: 0b60ebcf3f5db126d3d4be26dc99998b376acbf0

COCOAPODS: 1.2.1
